
Microsoft Visual Studio Solution File, Format Version 12.00
# Visual Studio 15
VisualStudioVersion = 15.0.26124.0
MinimumVisualStudioVersion = 15.0.26124.0
Project("{FAE04EC0-301F-11D3-BF4B-00C04F79EFBC}") = "RobotTools", "RobotTools\RobotTools.csproj", "{CA000ED0-A790-41B0-93D6-08011AF7E510}"
EndProject
Project("{FAE04EC0-301F-11D3-BF4B-00C04F79EFBC}") = "NetCorePlugin", "NetCorePlugin\NetCorePlugin.csproj", "{72519434-9992-47BC-8969-E79C08CAC9DB}"
EndProject
Project("{FAE04EC0-301F-11D3-BF4B-00C04F79EFBC}") = "RobotToolsApplication", "RobotToolsApplication\RobotToolsApplication.csproj", "{80532833-0370-49FA-8908-9635658921CC}"
EndProject
Project("{FAE04EC0-301F-11D3-BF4B-00C04F79EFBC}") = "MainClPlugin", "MainClPlugin\MainClPlugin.csproj", "{C50EEDE2-035B-4544-BC72-03F6F80781DE}"
EndProject
Global
	GlobalSection(SolutionConfigurationPlatforms) = preSolution
		Debug|Any CPU = Debug|Any CPU
		Debug|x64 = Debug|x64
		Debug|x86 = Debug|x86
		Release|Any CPU = Release|Any CPU
		Release|x64 = Release|x64
		Release|x86 = Release|x86
	EndGlobalSection
	GlobalSection(SolutionProperties) = preSolution
		HideSolutionNode = FALSE
	EndGlobalSection
	GlobalSection(ProjectConfigurationPlatforms) = postSolution
		{CA000ED0-A790-41B0-93D6-08011AF7E510}.Debug|Any CPU.ActiveCfg = Debug|Any CPU
		{CA000ED0-A790-41B0-93D6-08011AF7E510}.Debug|Any CPU.Build.0 = Debug|Any CPU
		{CA000ED0-A790-41B0-93D6-08011AF7E510}.Debug|x64.ActiveCfg = Debug|Any CPU
		{CA000ED0-A790-41B0-93D6-08011AF7E510}.Debug|x64.Build.0 = Debug|Any CPU
		{CA000ED0-A790-41B0-93D6-08011AF7E510}.Debug|x86.ActiveCfg = Debug|Any CPU
		{CA000ED0-A790-41B0-93D6-08011AF7E510}.Debug|x86.Build.0 = Debug|Any CPU
		{CA000ED0-A790-41B0-93D6-08011AF7E510}.Release|Any CPU.ActiveCfg = Release|Any CPU
		{CA000ED0-A790-41B0-93D6-08011AF7E510}.Release|Any CPU.Build.0 = Release|Any CPU
		{CA000ED0-A790-41B0-93D6-08011AF7E510}.Release|x64.ActiveCfg = Release|Any CPU
		{CA000ED0-A790-41B0-93D6-08011AF7E510}.Release|x64.Build.0 = Release|Any CPU
		{CA000ED0-A790-41B0-93D6-08011AF7E510}.Release|x86.ActiveCfg = Release|Any CPU
		{CA000ED0-A790-41B0-93D6-08011AF7E510}.Release|x86.Build.0 = Release|Any CPU
		{48E64B68-D32C-4E39-90F9-199B6E7070EC}.Debug|Any CPU.ActiveCfg = Debug|Any CPU
		{48E64B68-D32C-4E39-90F9-199B6E7070EC}.Debug|Any CPU.Build.0 = Debug|Any CPU
		{48E64B68-D32C-4E39-90F9-199B6E7070EC}.Debug|x64.ActiveCfg = Debug|Any CPU
		{48E64B68-D32C-4E39-90F9-199B6E7070EC}.Debug|x64.Build.0 = Debug|Any CPU
		{48E64B68-D32C-4E39-90F9-199B6E7070EC}.Debug|x86.ActiveCfg = Debug|Any CPU
		{48E64B68-D32C-4E39-90F9-199B6E7070EC}.Debug|x86.Build.0 = Debug|Any CPU
		{48E64B68-D32C-4E39-90F9-199B6E7070EC}.Release|Any CPU.ActiveCfg = Release|Any CPU
		{48E64B68-D32C-4E39-90F9-199B6E7070EC}.Release|Any CPU.Build.0 = Release|Any CPU
		{48E64B68-D32C-4E39-90F9-199B6E7070EC}.Release|x64.ActiveCfg = Release|Any CPU
		{48E64B68-D32C-4E39-90F9-199B6E7070EC}.Release|x64.Build.0 = Release|Any CPU
		{48E64B68-D32C-4E39-90F9-199B6E7070EC}.Release|x86.ActiveCfg = Release|Any CPU
		{48E64B68-D32C-4E39-90F9-199B6E7070EC}.Release|x86.Build.0 = Release|Any CPU
		{72519434-9992-47BC-8969-E79C08CAC9DB}.Debug|Any CPU.ActiveCfg = Debug|Any CPU
		{72519434-9992-47BC-8969-E79C08CAC9DB}.Debug|Any CPU.Build.0 = Debug|Any CPU
		{72519434-9992-47BC-8969-E79C08CAC9DB}.Debug|x64.ActiveCfg = Debug|Any CPU
		{72519434-9992-47BC-8969-E79C08CAC9DB}.Debug|x64.Build.0 = Debug|Any CPU
		{72519434-9992-47BC-8969-E79C08CAC9DB}.Debug|x86.ActiveCfg = Debug|Any CPU
		{72519434-9992-47BC-8969-E79C08CAC9DB}.Debug|x86.Build.0 = Debug|Any CPU
		{72519434-9992-47BC-8969-E79C08CAC9DB}.Release|Any CPU.ActiveCfg = Release|Any CPU
		{72519434-9992-47BC-8969-E79C08CAC9DB}.Release|Any CPU.Build.0 = Release|Any CPU
		{72519434-9992-47BC-8969-E79C08CAC9DB}.Release|x64.ActiveCfg = Release|Any CPU
		{72519434-9992-47BC-8969-E79C08CAC9DB}.Release|x64.Build.0 = Release|Any CPU
		{72519434-9992-47BC-8969-E79C08CAC9DB}.Release|x86.ActiveCfg = Release|Any CPU
		{72519434-9992-47BC-8969-E79C08CAC9DB}.Release|x86.Build.0 = Release|Any CPU
		{80532833-0370-49FA-8908-9635658921CC}.Debug|Any CPU.ActiveCfg = Debug|Any CPU
		{80532833-0370-49FA-8908-9635658921CC}.Debug|Any CPU.Build.0 = Debug|Any CPU
		{80532833-0370-49FA-8908-9635658921CC}.Debug|x64.ActiveCfg = Debug|Any CPU
		{80532833-0370-49FA-8908-9635658921CC}.Debug|x64.Build.0 = Debug|Any CPU
		{80532833-0370-49FA-8908-9635658921CC}.Debug|x86.ActiveCfg = Debug|Any CPU
		{80532833-0370-49FA-8908-9635658921CC}.Debug|x86.Build.0 = Debug|Any CPU
		{80532833-0370-49FA-8908-9635658921CC}.Release|Any CPU.ActiveCfg = Release|Any CPU
		{80532833-0370-49FA-8908-9635658921CC}.Release|Any CPU.Build.0 = Release|Any CPU
		{80532833-0370-49FA-8908-9635658921CC}.Release|x64.ActiveCfg = Release|Any CPU
		{80532833-0370-49FA-8908-9635658921CC}.Release|x64.Build.0 = Release|Any CPU
		{80532833-0370-49FA-8908-9635658921CC}.Release|x86.ActiveCfg = Release|Any CPU
		{80532833-0370-49FA-8908-9635658921CC}.Release|x86.Build.0 = Release|Any CPU
		{C50EEDE2-035B-4544-BC72-03F6F80781DE}.Debug|Any CPU.ActiveCfg = Debug|Any CPU
		{C50EEDE2-035B-4544-BC72-03F6F80781DE}.Debug|Any CPU.Build.0 = Debug|Any CPU
		{C50EEDE2-035B-4544-BC72-03F6F80781DE}.Debug|x64.ActiveCfg = Debug|Any CPU
		{C50EEDE2-035B-4544-BC72-03F6F80781DE}.Debug|x64.Build.0 = Debug|Any CPU
		{C50EEDE2-035B-4544-BC72-03F6F80781DE}.Debug|x86.ActiveCfg = Debug|Any CPU
		{C50EEDE2-035B-4544-BC72-03F6F80781DE}.Debug|x86.Build.0 = Debug|Any CPU
		{C50EEDE2-035B-4544-BC72-03F6F80781DE}.Release|Any CPU.ActiveCfg = Release|Any CPU
		{C50EEDE2-035B-4544-BC72-03F6F80781DE}.Release|Any CPU.Build.0 = Release|Any CPU
		{C50EEDE2-035B-4544-BC72-03F6F80781DE}.Release|x64.ActiveCfg = Release|Any CPU
		{C50EEDE2-035B-4544-BC72-03F6F80781DE}.Release|x64.Build.0 = Release|Any CPU
		{C50EEDE2-035B-4544-BC72-03F6F80781DE}.Release|x86.ActiveCfg = Release|Any CPU
		{C50EEDE2-035B-4544-BC72-03F6F80781DE}.Release|x86.Build.0 = Release|Any CPU
	EndGlobalSection
EndGlobal
